// !$*UTF8*$!
{
	archiveVersion = 1;
	classes = {
	};
	objectVersion = 50;
	objects = {

/* Begin PBXBuildFile section */
		1B35E4E459152121BD0130E0 /* Pods_CSVReaderTests.framework in Frameworks */ = {isa = PBXBuildFile; fileRef = 7041049511A03C3CD7890FE5 /* Pods_CSVReaderTests.framework */; };
		2000BDA3234E145600850A6B /* CSVViewModel.swift in Sources */ = {isa = PBXBuildFile; fileRef = 2000BDA2234E145600850A6B /* CSVViewModel.swift */; };
		2000BDA5234E1A1000850A6B /* CSVReader.swift in Sources */ = {isa = PBXBuildFile; fileRef = 2005AB20234DDC3D00679AF2 /* CSVReader.swift */; };
		2000BDA9234E285100850A6B /* IssueTableViewCell.swift in Sources */ = {isa = PBXBuildFile; fileRef = 2000BDA7234E285100850A6B /* IssueTableViewCell.swift */; };
		2000BDAA234E285100850A6B /* IssueTableViewCell.xib in Resources */ = {isa = PBXBuildFile; fileRef = 2000BDA8234E285100850A6B /* IssueTableViewCell.xib */; };
		2005AAEA234DD77300679AF2 /* AppDelegate.swift in Sources */ = {isa = PBXBuildFile; fileRef = 2005AAE9234DD77300679AF2 /* AppDelegate.swift */; };
		2005AAEC234DD77300679AF2 /* SceneDelegate.swift in Sources */ = {isa = PBXBuildFile; fileRef = 2005AAEB234DD77300679AF2 /* SceneDelegate.swift */; };
		2005AAF1234DD77300679AF2 /* Main.storyboard in Resources */ = {isa = PBXBuildFile; fileRef = 2005AAEF234DD77300679AF2 /* Main.storyboard */; };
		2005AAF3234DD77500679AF2 /* Assets.xcassets in Resources */ = {isa = PBXBuildFile; fileRef = 2005AAF2234DD77500679AF2 /* Assets.xcassets */; };
		2005AAF6234DD77500679AF2 /* LaunchScreen.storyboard in Resources */ = {isa = PBXBuildFile; fileRef = 2005AAF4234DD77500679AF2 /* LaunchScreen.storyboard */; };
		2005AB01234DD77500679AF2 /* CSVReaderTests.swift in Sources */ = {isa = PBXBuildFile; fileRef = 2005AB00234DD77500679AF2 /* CSVReaderTests.swift */; };
		2005AB0C234DD77500679AF2 /* CSVReaderUITests.swift in Sources */ = {isa = PBXBuildFile; fileRef = 2005AB0B234DD77500679AF2 /* CSVReaderUITests.swift */; };
		2005AB1A234DD7A500679AF2 /* CSVResultTableViewController.swift in Sources */ = {isa = PBXBuildFile; fileRef = 2005AB19234DD7A500679AF2 /* CSVResultTableViewController.swift */; };
		2005AB21234DDC3D00679AF2 /* CSVReader.swift in Sources */ = {isa = PBXBuildFile; fileRef = 2005AB20234DDC3D00679AF2 /* CSVReader.swift */; };
		2005AB26234DE07D00679AF2 /* Issue.swift in Sources */ = {isa = PBXBuildFile; fileRef = 2005AB25234DE07D00679AF2 /* Issue.swift */; };
		2046BF2E234F35080023CD25 /* Constants.swift in Sources */ = {isa = PBXBuildFile; fileRef = 2046BF2D234F35080023CD25 /* Constants.swift */; };
		2046BF31234F38240023CD25 /* issues.csv in Resources */ = {isa = PBXBuildFile; fileRef = 2046BF30234F38240023CD25 /* issues.csv */; };
		8F5FAB584218CCC972C18186 /* Pods_CSVReader.framework in Frameworks */ = {isa = PBXBuildFile; fileRef = C0A605EBCB158B1F37492FEC /* Pods_CSVReader.framework */; };
		A468690F3899797D45E56144 /* Pods_CSVReaderUITests.framework in Frameworks */ = {isa = PBXBuildFile; fileRef = 065A3D95074D3F1F6AF0BA08 /* Pods_CSVReaderUITests.framework */; };
/* End PBXBuildFile section */

/* Begin PBXContainerItemProxy section */
		2005AAFD234DD77500679AF2 /* PBXContainerItemProxy */ = {
			isa = PBXContainerItemProxy;
			containerPortal = 2005AADE234DD77300679AF2 /* Project object */;
			proxyType = 1;
			remoteGlobalIDString = 2005AAE5234DD77300679AF2;
			remoteInfo = CSVReader;
		};
		2005AB08234DD77500679AF2 /* PBXContainerItemProxy */ = {
			isa = PBXContainerItemProxy;
			containerPortal = 2005AADE234DD77300679AF2 /* Project object */;
			proxyType = 1;
			remoteGlobalIDString = 2005AAE5234DD77300679AF2;
			remoteInfo = CSVReader;
		};
/* End PBXContainerItemProxy section */

/* Begin PBXFileReference section */
		035274933696A3F736785003 /* Pods-CSVReader.release.xcconfig */ = {isa = PBXFileReference; includeInIndex = 1; lastKnownFileType = text.xcconfig; name = "Pods-CSVReader.release.xcconfig"; path = "Target Support Files/Pods-CSVReader/Pods-CSVReader.release.xcconfig"; sourceTree = "<group>"; };
		065A3D95074D3F1F6AF0BA08 /* Pods_CSVReaderUITests.framework */ = {isa = PBXFileReference; explicitFileType = wrapper.framework; includeInIndex = 0; path = Pods_CSVReaderUITests.framework; sourceTree = BUILT_PRODUCTS_DIR; };
		08552CD8F7403EB04A560FFE /* Pods-CSVReader.debug.xcconfig */ = {isa = PBXFileReference; includeInIndex = 1; lastKnownFileType = text.xcconfig; name = "Pods-CSVReader.debug.xcconfig"; path = "Target Support Files/Pods-CSVReader/Pods-CSVReader.debug.xcconfig"; sourceTree = "<group>"; };
		2000BDA2234E145600850A6B /* CSVViewModel.swift */ = {isa = PBXFileReference; lastKnownFileType = sourcecode.swift; path = CSVViewModel.swift; sourceTree = "<group>"; };
		2000BDA7234E285100850A6B /* IssueTableViewCell.swift */ = {isa = PBXFileReference; lastKnownFileType = sourcecode.swift; path = IssueTableViewCell.swift; sourceTree = "<group>"; };
		2000BDA8234E285100850A6B /* IssueTableViewCell.xib */ = {isa = PBXFileReference; lastKnownFileType = file.xib; path = IssueTableViewCell.xib; sourceTree = "<group>"; };
		2005AAE6234DD77300679AF2 /* CSVReader.app */ = {isa = PBXFileReference; explicitFileType = wrapper.application; includeInIndex = 0; path = CSVReader.app; sourceTree = BUILT_PRODUCTS_DIR; };
		2005AAE9234DD77300679AF2 /* AppDelegate.swift */ = {isa = PBXFileReference; lastKnownFileType = sourcecode.swift; path = AppDelegate.swift; sourceTree = "<group>"; };
		2005AAEB234DD77300679AF2 /* SceneDelegate.swift */ = {isa = PBXFileReference; lastKnownFileType = sourcecode.swift; path = SceneDelegate.swift; sourceTree = "<group>"; };
		2005AAF0234DD77300679AF2 /* Base */ = {isa = PBXFileReference; lastKnownFileType = file.storyboard; name = Base; path = Base.lproj/Main.storyboard; sourceTree = "<group>"; };
		2005AAF2234DD77500679AF2 /* Assets.xcassets */ = {isa = PBXFileReference; lastKnownFileType = folder.assetcatalog; path = Assets.xcassets; sourceTree = "<group>"; };
		2005AAF5234DD77500679AF2 /* Base */ = {isa = PBXFileReference; lastKnownFileType = file.storyboard; name = Base; path = Base.lproj/LaunchScreen.storyboard; sourceTree = "<group>"; };
		2005AAF7234DD77500679AF2 /* Info.plist */ = {isa = PBXFileReference; lastKnownFileType = text.plist.xml; path = Info.plist; sourceTree = "<group>"; };
		2005AAFC234DD77500679AF2 /* CSVReaderTests.xctest */ = {isa = PBXFileReference; explicitFileType = wrapper.cfbundle; includeInIndex = 0; path = CSVReaderTests.xctest; sourceTree = BUILT_PRODUCTS_DIR; };
		2005AB00234DD77500679AF2 /* CSVReaderTests.swift */ = {isa = PBXFileReference; lastKnownFileType = sourcecode.swift; path = CSVReaderTests.swift; sourceTree = "<group>"; };
		2005AB02234DD77500679AF2 /* Info.plist */ = {isa = PBXFileReference; lastKnownFileType = text.plist.xml; path = Info.plist; sourceTree = "<group>"; };
		2005AB07234DD77500679AF2 /* CSVReaderUITests.xctest */ = {isa = PBXFileReference; explicitFileType = wrapper.cfbundle; includeInIndex = 0; path = CSVReaderUITests.xctest; sourceTree = BUILT_PRODUCTS_DIR; };
		2005AB0B234DD77500679AF2 /* CSVReaderUITests.swift */ = {isa = PBXFileReference; lastKnownFileType = sourcecode.swift; path = CSVReaderUITests.swift; sourceTree = "<group>"; };
		2005AB0D234DD77500679AF2 /* Info.plist */ = {isa = PBXFileReference; lastKnownFileType = text.plist.xml; path = Info.plist; sourceTree = "<group>"; };
		2005AB19234DD7A500679AF2 /* CSVResultTableViewController.swift */ = {isa = PBXFileReference; lastKnownFileType = sourcecode.swift; path = CSVResultTableViewController.swift; sourceTree = "<group>"; };
		2005AB20234DDC3D00679AF2 /* CSVReader.swift */ = {isa = PBXFileReference; lastKnownFileType = sourcecode.swift; path = CSVReader.swift; sourceTree = "<group>"; };
		2005AB25234DE07D00679AF2 /* Issue.swift */ = {isa = PBXFileReference; lastKnownFileType = sourcecode.swift; path = Issue.swift; sourceTree = "<group>"; };
		2046BF2D234F35080023CD25 /* Constants.swift */ = {isa = PBXFileReference; lastKnownFileType = sourcecode.swift; path = Constants.swift; sourceTree = "<group>"; };
		2046BF30234F38240023CD25 /* issues.csv */ = {isa = PBXFileReference; fileEncoding = 4; lastKnownFileType = text; path = issues.csv; sourceTree = "<group>"; };
		322FF2126DF2692EC7C7FC62 /* Pods-CSVReaderUITests.release.xcconfig */ = {isa = PBXFileReference; includeInIndex = 1; lastKnownFileType = text.xcconfig; name = "Pods-CSVReaderUITests.release.xcconfig"; path = "Target Support Files/Pods-CSVReaderUITests/Pods-CSVReaderUITests.release.xcconfig"; sourceTree = "<group>"; };
		64980C278F98E89B7EC5A843 /* Pods-CSVReaderUITests.debug.xcconfig */ = {isa = PBXFileReference; includeInIndex = 1; lastKnownFileType = text.xcconfig; name = "Pods-CSVReaderUITests.debug.xcconfig"; path = "Target Support Files/Pods-CSVReaderUITests/Pods-CSVReaderUITests.debug.xcconfig"; sourceTree = "<group>"; };
		7041049511A03C3CD7890FE5 /* Pods_CSVReaderTests.framework */ = {isa = PBXFileReference; explicitFileType = wrapper.framework; includeInIndex = 0; path = Pods_CSVReaderTests.framework; sourceTree = BUILT_PRODUCTS_DIR; };
		8E741184F7A67AB82575D731 /* Pods-CSVReaderTests.debug.xcconfig */ = {isa = PBXFileReference; includeInIndex = 1; lastKnownFileType = text.xcconfig; name = "Pods-CSVReaderTests.debug.xcconfig"; path = "Target Support Files/Pods-CSVReaderTests/Pods-CSVReaderTests.debug.xcconfig"; sourceTree = "<group>"; };
		C0A605EBCB158B1F37492FEC /* Pods_CSVReader.framework */ = {isa = PBXFileReference; explicitFileType = wrapper.framework; includeInIndex = 0; path = Pods_CSVReader.framework; sourceTree = BUILT_PRODUCTS_DIR; };
		F4D8136800F8DA151D54E4A5 /* Pods-CSVReaderTests.release.xcconfig */ = {isa = PBXFileReference; includeInIndex = 1; lastKnownFileType = text.xcconfig; name = "Pods-CSVReaderTests.release.xcconfig"; path = "Target Support Files/Pods-CSVReaderTests/Pods-CSVReaderTests.release.xcconfig"; sourceTree = "<group>"; };
/* End PBXFileReference section */

/* Begin PBXFrameworksBuildPhase section */
		2005AAE3234DD77300679AF2 /* Frameworks */ = {
			isa = PBXFrameworksBuildPhase;
			buildActionMask = 2147483647;
			files = (
				8F5FAB584218CCC972C18186 /* Pods_CSVReader.framework in Frameworks */,
			);
			runOnlyForDeploymentPostprocessing = 0;
		};
		2005AAF9234DD77500679AF2 /* Frameworks */ = {
			isa = PBXFrameworksBuildPhase;
			buildActionMask = 2147483647;
			files = (
				1B35E4E459152121BD0130E0 /* Pods_CSVReaderTests.framework in Frameworks */,
			);
			runOnlyForDeploymentPostprocessing = 0;
		};
		2005AB04234DD77500679AF2 /* Frameworks */ = {
			isa = PBXFrameworksBuildPhase;
			buildActionMask = 2147483647;
			files = (
				A468690F3899797D45E56144 /* Pods_CSVReaderUITests.framework in Frameworks */,
			);
			runOnlyForDeploymentPostprocessing = 0;
		};
/* End PBXFrameworksBuildPhase section */

/* Begin PBXGroup section */
		2000BDA4234E145D00850A6B /* CSVViewModel */ = {
			isa = PBXGroup;
			children = (
				2000BDA2234E145600850A6B /* CSVViewModel.swift */,
			);
			path = CSVViewModel;
			sourceTree = "<group>";
		};
		2000BDAB234E285400850A6B /* Cell */ = {
			isa = PBXGroup;
			children = (
				2000BDA7234E285100850A6B /* IssueTableViewCell.swift */,
				2000BDA8234E285100850A6B /* IssueTableViewCell.xib */,
			);
			path = Cell;
			sourceTree = "<group>";
		};
		2000BDAC234E285D00850A6B /* ViewController */ = {
			isa = PBXGroup;
			children = (
				2005AB19234DD7A500679AF2 /* CSVResultTableViewController.swift */,
			);
			path = ViewController;
			sourceTree = "<group>";
		};
		200399E4234DFBCB00B8291C /* Storyboard */ = {
			isa = PBXGroup;
			children = (
				2005AAEF234DD77300679AF2 /* Main.storyboard */,
				2005AAF4234DD77500679AF2 /* LaunchScreen.storyboard */,
			);
			path = Storyboard;
			sourceTree = "<group>";
		};
		2005AADD234DD77300679AF2 = {
			isa = PBXGroup;
			children = (
				2005AAE8234DD77300679AF2 /* CSVReader */,
				2005AAFF234DD77500679AF2 /* CSVReaderTests */,
				2005AB0A234DD77500679AF2 /* CSVReaderUITests */,
				2005AAE7234DD77300679AF2 /* Products */,
				7EE967D4B0503F71F83FF1C0 /* Pods */,
				69655A000D67807349C14AAE /* Frameworks */,
			);
			sourceTree = "<group>";
		};
		2005AAE7234DD77300679AF2 /* Products */ = {
			isa = PBXGroup;
			children = (
				2005AAE6234DD77300679AF2 /* CSVReader.app */,
				2005AAFC234DD77500679AF2 /* CSVReaderTests.xctest */,
				2005AB07234DD77500679AF2 /* CSVReaderUITests.xctest */,
			);
			name = Products;
			sourceTree = "<group>";
		};
		2005AAE8234DD77300679AF2 /* CSVReader */ = {
			isa = PBXGroup;
			children = (
				2005AB1D234DD80A00679AF2 /* UI */,
				2000BDA4234E145D00850A6B /* CSVViewModel */,
				2005AB1C234DD80400679AF2 /* Model */,
				2005AB27234DE08700679AF2 /* Network */,
				2005AB1B234DD7BC00679AF2 /* Supporting Files */,
			);
			path = CSVReader;
			sourceTree = "<group>";
		};
		2005AAFF234DD77500679AF2 /* CSVReaderTests */ = {
			isa = PBXGroup;
			children = (
				2005AB00234DD77500679AF2 /* CSVReaderTests.swift */,
				2005AB02234DD77500679AF2 /* Info.plist */,
			);
			path = CSVReaderTests;
			sourceTree = "<group>";
		};
		2005AB0A234DD77500679AF2 /* CSVReaderUITests */ = {
			isa = PBXGroup;
			children = (
				2005AB0B234DD77500679AF2 /* CSVReaderUITests.swift */,
				2005AB0D234DD77500679AF2 /* Info.plist */,
			);
			path = CSVReaderUITests;
			sourceTree = "<group>";
		};
		2005AB1B234DD7BC00679AF2 /* Supporting Files */ = {
			isa = PBXGroup;
			children = (
				2005AB22234DDF0700679AF2 /* CSVFile */,
				2005AAE9234DD77300679AF2 /* AppDelegate.swift */,
				2005AAEB234DD77300679AF2 /* SceneDelegate.swift */,
				2005AAF2234DD77500679AF2 /* Assets.xcassets */,
				2005AAF7234DD77500679AF2 /* Info.plist */,
			);
			path = "Supporting Files";
			sourceTree = "<group>";
		};
		2005AB1C234DD80400679AF2 /* Model */ = {
			isa = PBXGroup;
			children = (
				2005AB25234DE07D00679AF2 /* Issue.swift */,
				2046BF2D234F35080023CD25 /* Constants.swift */,
			);
			path = Model;
			sourceTree = "<group>";
		};
		2005AB1D234DD80A00679AF2 /* UI */ = {
			isa = PBXGroup;
			children = (
				2000BDAC234E285D00850A6B /* ViewController */,
				2000BDAB234E285400850A6B /* Cell */,
				200399E4234DFBCB00B8291C /* Storyboard */,
			);
			path = UI;
			sourceTree = "<group>";
		};
		2005AB22234DDF0700679AF2 /* CSVFile */ = {
			isa = PBXGroup;
			children = (
				2046BF30234F38240023CD25 /* issues.csv */,
			);
			path = CSVFile;
			sourceTree = "<group>";
		};
		2005AB27234DE08700679AF2 /* Network */ = {
			isa = PBXGroup;
			children = (
				2005AB20234DDC3D00679AF2 /* CSVReader.swift */,
			);
			path = Network;
			sourceTree = "<group>";
		};
		69655A000D67807349C14AAE /* Frameworks */ = {
			isa = PBXGroup;
			children = (
				C0A605EBCB158B1F37492FEC /* Pods_CSVReader.framework */,
				7041049511A03C3CD7890FE5 /* Pods_CSVReaderTests.framework */,
				065A3D95074D3F1F6AF0BA08 /* Pods_CSVReaderUITests.framework */,
			);
			name = Frameworks;
			sourceTree = "<group>";
		};
		7EE967D4B0503F71F83FF1C0 /* Pods */ = {
			isa = PBXGroup;
			children = (
				08552CD8F7403EB04A560FFE /* Pods-CSVReader.debug.xcconfig */,
				035274933696A3F736785003 /* Pods-CSVReader.release.xcconfig */,
				8E741184F7A67AB82575D731 /* Pods-CSVReaderTests.debug.xcconfig */,
				F4D8136800F8DA151D54E4A5 /* Pods-CSVReaderTests.release.xcconfig */,
				64980C278F98E89B7EC5A843 /* Pods-CSVReaderUITests.debug.xcconfig */,
				322FF2126DF2692EC7C7FC62 /* Pods-CSVReaderUITests.release.xcconfig */,
			);
			path = Pods;
			sourceTree = "<group>";
		};
/* End PBXGroup section */

/* Begin PBXNativeTarget section */
		2005AAE5234DD77300679AF2 /* CSVReader */ = {
			isa = PBXNativeTarget;
			buildConfigurationList = 2005AB10234DD77500679AF2 /* Build configuration list for PBXNativeTarget "CSVReader" */;
			buildPhases = (
				5BBCED91B3F4A29023686F93 /* [CP] Check Pods Manifest.lock */,
				2005AAE2234DD77300679AF2 /* Sources */,
				2005AAE3234DD77300679AF2 /* Frameworks */,
				2005AAE4234DD77300679AF2 /* Resources */,
				443F079398526ACF7A87397D /* [CP] Embed Pods Frameworks */,
				2000BDA6234E269100850A6B /* ShellScript */,
			);
			buildRules = (
			);
			dependencies = (
			);
			name = CSVReader;
			productName = CSVReader;
			productReference = 2005AAE6234DD77300679AF2 /* CSVReader.app */;
			productType = "com.apple.product-type.application";
		};
		2005AAFB234DD77500679AF2 /* CSVReaderTests */ = {
			isa = PBXNativeTarget;
			buildConfigurationList = 2005AB13234DD77500679AF2 /* Build configuration list for PBXNativeTarget "CSVReaderTests" */;
			buildPhases = (
				D56BE4E9A33A8CFB6EDBFEA8 /* [CP] Check Pods Manifest.lock */,
				2005AAF8234DD77500679AF2 /* Sources */,
				2005AAF9234DD77500679AF2 /* Frameworks */,
				2005AAFA234DD77500679AF2 /* Resources */,
				0FA7C20817423F4227AAFBED /* [CP] Embed Pods Frameworks */,
			);
			buildRules = (
			);
			dependencies = (
				2005AAFE234DD77500679AF2 /* PBXTargetDependency */,
			);
			name = CSVReaderTests;
			productName = CSVReaderTests;
			productReference = 2005AAFC234DD77500679AF2 /* CSVReaderTests.xctest */;
			productType = "com.apple.product-type.bundle.unit-test";
		};
		2005AB06234DD77500679AF2 /* CSVReaderUITests */ = {
			isa = PBXNativeTarget;
			buildConfigurationList = 2005AB16234DD77500679AF2 /* Build configuration list for PBXNativeTarget "CSVReaderUITests" */;
			buildPhases = (
				B107439D82202BF2958E187A /* [CP] Check Pods Manifest.lock */,
				2005AB03234DD77500679AF2 /* Sources */,
				2005AB04234DD77500679AF2 /* Frameworks */,
				2005AB05234DD77500679AF2 /* Resources */,
				D6B8CFF44CA4044BBFC77138 /* [CP] Embed Pods Frameworks */,
			);
			buildRules = (
			);
			dependencies = (
				2005AB09234DD77500679AF2 /* PBXTargetDependency */,
			);
			name = CSVReaderUITests;
			productName = CSVReaderUITests;
			productReference = 2005AB07234DD77500679AF2 /* CSVReaderUITests.xctest */;
			productType = "com.apple.product-type.bundle.ui-testing";
		};
/* End PBXNativeTarget section */

/* Begin PBXProject section */
		2005AADE234DD77300679AF2 /* Project object */ = {
			isa = PBXProject;
			attributes = {
				LastSwiftUpdateCheck = 1100;
				LastUpgradeCheck = 1100;
				ORGANIZATIONNAME = "Femke Offringa";
				TargetAttributes = {
					2005AAE5234DD77300679AF2 = {
						CreatedOnToolsVersion = 11.0;
					};
					2005AAFB234DD77500679AF2 = {
						CreatedOnToolsVersion = 11.0;
						TestTargetID = 2005AAE5234DD77300679AF2;
					};
					2005AB06234DD77500679AF2 = {
						CreatedOnToolsVersion = 11.0;
						TestTargetID = 2005AAE5234DD77300679AF2;
					};
				};
			};
			buildConfigurationList = 2005AAE1234DD77300679AF2 /* Build configuration list for PBXProject "CSVReader" */;
			compatibilityVersion = "Xcode 9.3";
			developmentRegion = en;
			hasScannedForEncodings = 0;
			knownRegions = (
				en,
				Base,
			);
			mainGroup = 2005AADD234DD77300679AF2;
			productRefGroup = 2005AAE7234DD77300679AF2 /* Products */;
			projectDirPath = "";
			projectRoot = "";
			targets = (
				2005AAE5234DD77300679AF2 /* CSVReader */,
				2005AAFB234DD77500679AF2 /* CSVReaderTests */,
				2005AB06234DD77500679AF2 /* CSVReaderUITests */,
			);
		};
/* End PBXProject section */

/* Begin PBXResourcesBuildPhase section */
		2005AAE4234DD77300679AF2 /* Resources */ = {
			isa = PBXResourcesBuildPhase;
			buildActionMask = 2147483647;
			files = (
				2000BDAA234E285100850A6B /* IssueTableViewCell.xib in Resources */,
				2005AAF6234DD77500679AF2 /* LaunchScreen.storyboard in Resources */,
				2046BF31234F38240023CD25 /* issues.csv in Resources */,
				2005AAF3234DD77500679AF2 /* Assets.xcassets in Resources */,
				2005AAF1234DD77300679AF2 /* Main.storyboard in Resources */,
			);
			runOnlyForDeploymentPostprocessing = 0;
		};
		2005AAFA234DD77500679AF2 /* Resources */ = {
			isa = PBXResourcesBuildPhase;
			buildActionMask = 2147483647;
			files = (
			);
			runOnlyForDeploymentPostprocessing = 0;
		};
		2005AB05234DD77500679AF2 /* Resources */ = {
			isa = PBXResourcesBuildPhase;
			buildActionMask = 2147483647;
			files = (
			);
			runOnlyForDeploymentPostprocessing = 0;
		};
/* End PBXResourcesBuildPhase section */

/* Begin PBXShellScriptBuildPhase section */
		0FA7C20817423F4227AAFBED /* [CP] Embed Pods Frameworks */ = {
			isa = PBXShellScriptBuildPhase;
			buildActionMask = 2147483647;
			files = (
			);
			inputFileListPaths = (
			);
			inputPaths = (
				"${PODS_ROOT}/Target Support Files/Pods-CSVReaderTests/Pods-CSVReaderTests-frameworks.sh",
				"${BUILT_PRODUCTS_DIR}/SwiftCSV/SwiftCSV.framework",
			);
			name = "[CP] Embed Pods Frameworks";
			outputFileListPaths = (
			);
			outputPaths = (
				"${TARGET_BUILD_DIR}/${FRAMEWORKS_FOLDER_PATH}/SwiftCSV.framework",
			);
			runOnlyForDeploymentPostprocessing = 0;
			shellPath = /bin/sh;
			shellScript = "\"${PODS_ROOT}/Target Support Files/Pods-CSVReaderTests/Pods-CSVReaderTests-frameworks.sh\"\n";
			showEnvVarsInLog = 0;
		};
		2000BDA6234E269100850A6B /* ShellScript */ = {
			isa = PBXShellScriptBuildPhase;
			buildActionMask = 2147483647;
			files = (
			);
			inputFileListPaths = (
			);
			inputPaths = (
			);
			outputFileListPaths = (
			);
			outputPaths = (
			);
			runOnlyForDeploymentPostprocessing = 0;
			shellPath = /bin/sh;
			shellScript = "\"${PODS_ROOT}/SwiftLint/swiftlint\"\n";
		};
		443F079398526ACF7A87397D /* [CP] Embed Pods Frameworks */ = {
			isa = PBXShellScriptBuildPhase;
			buildActionMask = 2147483647;
			files = (
			);
			inputFileListPaths = (
			);
			inputPaths = (
				"${PODS_ROOT}/Target Support Files/Pods-CSVReader/Pods-CSVReader-frameworks.sh",
				"${BUILT_PRODUCTS_DIR}/SwiftCSV/SwiftCSV.framework",
			);
			name = "[CP] Embed Pods Frameworks";
			outputFileListPaths = (
			);
			outputPaths = (
				"${TARGET_BUILD_DIR}/${FRAMEWORKS_FOLDER_PATH}/SwiftCSV.framework",
			);
			runOnlyForDeploymentPostprocessing = 0;
			shellPath = /bin/sh;
			shellScript = "\"${PODS_ROOT}/Target Support Files/Pods-CSVReader/Pods-CSVReader-frameworks.sh\"\n";
			showEnvVarsInLog = 0;
		};
		5BBCED91B3F4A29023686F93 /* [CP] Check Pods Manifest.lock */ = {
			isa = PBXShellScriptBuildPhase;
			buildActionMask = 2147483647;
			files = (
			);
			inputFileListPaths = (
			);
			inputPaths = (
				"${PODS_PODFILE_DIR_PATH}/Podfile.lock",
				"${PODS_ROOT}/Manifest.lock",
			);
			name = "[CP] Check Pods Manifest.lock";
			outputFileListPaths = (
			);
			outputPaths = (
				"$(DERIVED_FILE_DIR)/Pods-CSVReader-checkManifestLockResult.txt",
			);
			runOnlyForDeploymentPostprocessing = 0;
			shellPath = /bin/sh;
			shellScript = "diff \"${PODS_PODFILE_DIR_PATH}/Podfile.lock\" \"${PODS_ROOT}/Manifest.lock\" > /dev/null\nif [ $? != 0 ] ; then\n    # print error to STDERR\n    echo \"error: The sandbox is not in sync with the Podfile.lock. Run 'pod install' or update your CocoaPods installation.\" >&2\n    exit 1\nfi\n# This output is used by Xcode 'outputs' to avoid re-running this script phase.\necho \"SUCCESS\" > \"${SCRIPT_OUTPUT_FILE_0}\"\n";
			showEnvVarsInLog = 0;
		};
		B107439D82202BF2958E187A /* [CP] Check Pods Manifest.lock */ = {
			isa = PBXShellScriptBuildPhase;
			buildActionMask = 2147483647;
			files = (
			);
			inputFileListPaths = (
			);
			inputPaths = (
				"${PODS_PODFILE_DIR_PATH}/Podfile.lock",
				"${PODS_ROOT}/Manifest.lock",
			);
			name = "[CP] Check Pods Manifest.lock";
			outputFileListPaths = (
			);
			outputPaths = (
				"$(DERIVED_FILE_DIR)/Pods-CSVReaderUITests-checkManifestLockResult.txt",
			);
			runOnlyForDeploymentPostprocessing = 0;
			shellPath = /bin/sh;
			shellScript = "diff \"${PODS_PODFILE_DIR_PATH}/Podfile.lock\" \"${PODS_ROOT}/Manifest.lock\" > /dev/null\nif [ $? != 0 ] ; then\n    # print error to STDERR\n    echo \"error: The sandbox is not in sync with the Podfile.lock. Run 'pod install' or update your CocoaPods installation.\" >&2\n    exit 1\nfi\n# This output is used by Xcode 'outputs' to avoid re-running this script phase.\necho \"SUCCESS\" > \"${SCRIPT_OUTPUT_FILE_0}\"\n";
			showEnvVarsInLog = 0;
		};
		D56BE4E9A33A8CFB6EDBFEA8 /* [CP] Check Pods Manifest.lock */ = {
			isa = PBXShellScriptBuildPhase;
			buildActionMask = 2147483647;
			files = (
			);
			inputFileListPaths = (
			);
			inputPaths = (
				"${PODS_PODFILE_DIR_PATH}/Podfile.lock",
				"${PODS_ROOT}/Manifest.lock",
			);
			name = "[CP] Check Pods Manifest.lock";
			outputFileListPaths = (
			);
			outputPaths = (
				"$(DERIVED_FILE_DIR)/Pods-CSVReaderTests-checkManifestLockResult.txt",
			);
			runOnlyForDeploymentPostprocessing = 0;
			shellPath = /bin/sh;
			shellScript = "diff \"${PODS_PODFILE_DIR_PATH}/Podfile.lock\" \"${PODS_ROOT}/Manifest.lock\" > /dev/null\nif [ $? != 0 ] ; then\n    # print error to STDERR\n    echo \"error: The sandbox is not in sync with the Podfile.lock. Run 'pod install' or update your CocoaPods installation.\" >&2\n    exit 1\nfi\n# This output is used by Xcode 'outputs' to avoid re-running this script phase.\necho \"SUCCESS\" > \"${SCRIPT_OUTPUT_FILE_0}\"\n";
			showEnvVarsInLog = 0;
		};
		D6B8CFF44CA4044BBFC77138 /* [CP] Embed Pods Frameworks */ = {
			isa = PBXShellScriptBuildPhase;
			buildActionMask = 2147483647;
			files = (
			);
			inputFileListPaths = (
			);
			inputPaths = (
				"${PODS_ROOT}/Target Support Files/Pods-CSVReaderUITests/Pods-CSVReaderUITests-frameworks.sh",
				"${BUILT_PRODUCTS_DIR}/SwiftCSV/SwiftCSV.framework",
			);
			name = "[CP] Embed Pods Frameworks";
			outputFileListPaths = (
			);
			outputPaths = (
				"${TARGET_BUILD_DIR}/${FRAMEWORKS_FOLDER_PATH}/SwiftCSV.framework",
			);
			runOnlyForDeploymentPostprocessing = 0;
			shellPath = /bin/sh;
			shellScript = "\"${PODS_ROOT}/Target Support Files/Pods-CSVReaderUITests/Pods-CSVReaderUITests-frameworks.sh\"\n";
			showEnvVarsInLog = 0;
		};
/* End PBXShellScriptBuildPhase section */

/* Begin PBXSourcesBuildPhase section */
		2005AAE2234DD77300679AF2 /* Sources */ = {
			isa = PBXSourcesBuildPhase;
			buildActionMask = 2147483647;
			files = (
				2005AB26234DE07D00679AF2 /* Issue.swift in Sources */,
				2000BDA3234E145600850A6B /* CSVViewModel.swift in Sources */,
				2005AB1A234DD7A500679AF2 /* CSVResultTableViewController.swift in Sources */,
				2005AB21234DDC3D00679AF2 /* CSVReader.swift in Sources */,
				2005AAEA234DD77300679AF2 /* AppDelegate.swift in Sources */,
				2005AAEC234DD77300679AF2 /* SceneDelegate.swift in Sources */,
				2000BDA9234E285100850A6B /* IssueTableViewCell.swift in Sources */,
				2046BF2E234F35080023CD25 /* Constants.swift in Sources */,
			);
			runOnlyForDeploymentPostprocessing = 0;
		};
		2005AAF8234DD77500679AF2 /* Sources */ = {
			isa = PBXSourcesBuildPhase;
			buildActionMask = 2147483647;
			files = (
				2005AB01234DD77500679AF2 /* CSVReaderTests.swift in Sources */,
				2000BDA5234E1A1000850A6B /* CSVReader.swift in Sources */,
			);
			runOnlyForDeploymentPostprocessing = 0;
		};
		2005AB03234DD77500679AF2 /* Sources */ = {
			isa = PBXSourcesBuildPhase;
			buildActionMask = 2147483647;
			files = (
				2005AB0C234DD77500679AF2 /* CSVReaderUITests.swift in Sources */,
			);
			runOnlyForDeploymentPostprocessing = 0;
		};
/* End PBXSourcesBuildPhase section */

/* Begin PBXTargetDependency section */
		2005AAFE234DD77500679AF2 /* PBXTargetDependency */ = {
			isa = PBXTargetDependency;
			target = 2005AAE5234DD77300679AF2 /* CSVReader */;
			targetProxy = 2005AAFD234DD77500679AF2 /* PBXContainerItemProxy */;
		};
		2005AB09234DD77500679AF2 /* PBXTargetDependency */ = {
			isa = PBXTargetDependency;
			target = 2005AAE5234DD77300679AF2 /* CSVReader */;
			targetProxy = 2005AB08234DD77500679AF2 /* PBXContainerItemProxy */;
		};
/* End PBXTargetDependency section */

/* Begin PBXVariantGroup section */
		2005AAEF234DD77300679AF2 /* Main.storyboard */ = {
			isa = PBXVariantGroup;
			children = (
				2005AAF0234DD77300679AF2 /* Base */,
			);
			name = Main.storyboard;
			sourceTree = "<group>";
		};
		2005AAF4234DD77500679AF2 /* LaunchScreen.storyboard */ = {
			isa = PBXVariantGroup;
			children = (
				2005AAF5234DD77500679AF2 /* Base */,
			);
			name = LaunchScreen.storyboard;
			sourceTree = "<group>";
		};
/* End PBXVariantGroup section */

/* Begin XCBuildConfiguration section */
		2005AB0E234DD77500679AF2 /* Debug */ = {
			isa = XCBuildConfiguration;
			buildSettings = {
				ALWAYS_SEARCH_USER_PATHS = NO;
				CLANG_ANALYZER_NONNULL = YES;
				CLANG_ANALYZER_NUMBER_OBJECT_CONVERSION = YES_AGGRESSIVE;
				CLANG_CXX_LANGUAGE_STANDARD = "gnu++14";
				CLANG_CXX_LIBRARY = "libc++";
				CLANG_ENABLE_MODULES = YES;
				CLANG_ENABLE_OBJC_ARC = YES;
				CLANG_ENABLE_OBJC_WEAK = YES;
				CLANG_WARN_BLOCK_CAPTURE_AUTORELEASING = YES;
				CLANG_WARN_BOOL_CONVERSION = YES;
				CLANG_WARN_COMMA = YES;
				CLANG_WARN_CONSTANT_CONVERSION = YES;
				CLANG_WARN_DEPRECATED_OBJC_IMPLEMENTATIONS = YES;
				CLANG_WARN_DIRECT_OBJC_ISA_USAGE = YES_ERROR;
				CLANG_WARN_DOCUMENTATION_COMMENTS = YES;
				CLANG_WARN_EMPTY_BODY = YES;
				CLANG_WARN_ENUM_CONVERSION = YES;
				CLANG_WARN_INFINITE_RECURSION = YES;
				CLANG_WARN_INT_CONVERSION = YES;
				CLANG_WARN_NON_LITERAL_NULL_CONVERSION = YES;
				CLANG_WARN_OBJC_IMPLICIT_RETAIN_SELF = YES;
				CLANG_WARN_OBJC_LITERAL_CONVERSION = YES;
				CLANG_WARN_OBJC_ROOT_CLASS = YES_ERROR;
				CLANG_WARN_RANGE_LOOP_ANALYSIS = YES;
				CLANG_WARN_STRICT_PROTOTYPES = YES;
				CLANG_WARN_SUSPICIOUS_MOVE = YES;
				CLANG_WARN_UNGUARDED_AVAILABILITY = YES_AGGRESSIVE;
				CLANG_WARN_UNREACHABLE_CODE = YES;
				CLANG_WARN__DUPLICATE_METHOD_MATCH = YES;
				COPY_PHASE_STRIP = NO;
				DEBUG_INFORMATION_FORMAT = dwarf;
				ENABLE_STRICT_OBJC_MSGSEND = YES;
				ENABLE_TESTABILITY = YES;
				GCC_C_LANGUAGE_STANDARD = gnu11;
				GCC_DYNAMIC_NO_PIC = NO;
				GCC_NO_COMMON_BLOCKS = YES;
				GCC_OPTIMIZATION_LEVEL = 0;
				GCC_PREPROCESSOR_DEFINITIONS = (
					"DEBUG=1",
					"$(inherited)",
				);
				GCC_WARN_64_TO_32_BIT_CONVERSION = YES;
				GCC_WARN_ABOUT_RETURN_TYPE = YES_ERROR;
				GCC_WARN_UNDECLARED_SELECTOR = YES;
				GCC_WARN_UNINITIALIZED_AUTOS = YES_AGGRESSIVE;
				GCC_WARN_UNUSED_FUNCTION = YES;
				GCC_WARN_UNUSED_VARIABLE = YES;
				IPHONEOS_DEPLOYMENT_TARGET = 13.0;
				MTL_ENABLE_DEBUG_INFO = INCLUDE_SOURCE;
				MTL_FAST_MATH = YES;
				ONLY_ACTIVE_ARCH = YES;
				SDKROOT = iphoneos;
				SWIFT_ACTIVE_COMPILATION_CONDITIONS = DEBUG;
				SWIFT_OPTIMIZATION_LEVEL = "-Onone";
			};
			name = Debug;
		};
		2005AB0F234DD77500679AF2 /* Release */ = {
			isa = XCBuildConfiguration;
			buildSettings = {
				ALWAYS_SEARCH_USER_PATHS = NO;
				CLANG_ANALYZER_NONNULL = YES;
				CLANG_ANALYZER_NUMBER_OBJECT_CONVERSION = YES_AGGRESSIVE;
				CLANG_CXX_LANGUAGE_STANDARD = "gnu++14";
				CLANG_CXX_LIBRARY = "libc++";
				CLANG_ENABLE_MODULES = YES;
				CLANG_ENABLE_OBJC_ARC = YES;
				CLANG_ENABLE_OBJC_WEAK = YES;
				CLANG_WARN_BLOCK_CAPTURE_AUTORELEASING = YES;
				CLANG_WARN_BOOL_CONVERSION = YES;
				CLANG_WARN_COMMA = YES;
				CLANG_WARN_CONSTANT_CONVERSION = YES;
				CLANG_WARN_DEPRECATED_OBJC_IMPLEMENTATIONS = YES;
				CLANG_WARN_DIRECT_OBJC_ISA_USAGE = YES_ERROR;
				CLANG_WARN_DOCUMENTATION_COMMENTS = YES;
				CLANG_WARN_EMPTY_BODY = YES;
				CLANG_WARN_ENUM_CONVERSION = YES;
				CLANG_WARN_INFINITE_RECURSION = YES;
				CLANG_WARN_INT_CONVERSION = YES;
				CLANG_WARN_NON_LITERAL_NULL_CONVERSION = YES;
				CLANG_WARN_OBJC_IMPLICIT_RETAIN_SELF = YES;
				CLANG_WARN_OBJC_LITERAL_CONVERSION = YES;
				CLANG_WARN_OBJC_ROOT_CLASS = YES_ERROR;
				CLANG_WARN_RANGE_LOOP_ANALYSIS = YES;
				CLANG_WARN_STRICT_PROTOTYPES = YES;
				CLANG_WARN_SUSPICIOUS_MOVE = YES;
				CLANG_WARN_UNGUARDED_AVAILABILITY = YES_AGGRESSIVE;
				CLANG_WARN_UNREACHABLE_CODE = YES;
				CLANG_WARN__DUPLICATE_METHOD_MATCH = YES;
				COPY_PHASE_STRIP = NO;
				DEBUG_INFORMATION_FORMAT = "dwarf-with-dsym";
				ENABLE_NS_ASSERTIONS = NO;
				ENABLE_STRICT_OBJC_MSGSEND = YES;
				GCC_C_LANGUAGE_STANDARD = gnu11;
				GCC_NO_COMMON_BLOCKS = YES;
				GCC_WARN_64_TO_32_BIT_CONVERSION = YES;
				GCC_WARN_ABOUT_RETURN_TYPE = YES_ERROR;
				GCC_WARN_UNDECLARED_SELECTOR = YES;
				GCC_WARN_UNINITIALIZED_AUTOS = YES_AGGRESSIVE;
				GCC_WARN_UNUSED_FUNCTION = YES;
				GCC_WARN_UNUSED_VARIABLE = YES;
				IPHONEOS_DEPLOYMENT_TARGET = 13.0;
				MTL_ENABLE_DEBUG_INFO = NO;
				MTL_FAST_MATH = YES;
				SDKROOT = iphoneos;
				SWIFT_COMPILATION_MODE = wholemodule;
				SWIFT_OPTIMIZATION_LEVEL = "-O";
				VALIDATE_PRODUCT = YES;
			};
			name = Release;
		};
		2005AB11234DD77500679AF2 /* Debug */ = {
			isa = XCBuildConfiguration;
			baseConfigurationReference = 08552CD8F7403EB04A560FFE /* Pods-CSVReader.debug.xcconfig */;
			buildSettings = {
				ASSETCATALOG_COMPILER_APPICON_NAME = AppIcon;
				CODE_SIGN_STYLE = Automatic;
				DEVELOPMENT_TEAM = UST6SU92LY;
				INFOPLIST_FILE = "CSVReader/Supporting Files/Info.plist";
				LD_RUNPATH_SEARCH_PATHS = (
					"$(inherited)",
					"@executable_path/Frameworks",
				);
				PRODUCT_BUNDLE_IDENTIFIER = com.femkeo.CSVReader;
				PRODUCT_NAME = "$(TARGET_NAME)";
				SWIFT_VERSION = 5.0;
				TARGETED_DEVICE_FAMILY = 1;
			};
			name = Debug;
		};
		2005AB12234DD77500679AF2 /* Release */ = {
			isa = XCBuildConfiguration;
			baseConfigurationReference = 035274933696A3F736785003 /* Pods-CSVReader.release.xcconfig */;
			buildSettings = {
				ASSETCATALOG_COMPILER_APPICON_NAME = AppIcon;
				CODE_SIGN_STYLE = Automatic;
				DEVELOPMENT_TEAM = UST6SU92LY;
				INFOPLIST_FILE = "CSVReader/Supporting Files/Info.plist";
				LD_RUNPATH_SEARCH_PATHS = (
					"$(inherited)",
					"@executable_path/Frameworks",
				);
				PRODUCT_BUNDLE_IDENTIFIER = com.femkeo.CSVReader;
				PRODUCT_NAME = "$(TARGET_NAME)";
				SWIFT_VERSION = 5.0;
				TARGETED_DEVICE_FAMILY = 1;
			};
			name = Release;
		};
		2005AB14234DD77500679AF2 /* Debug */ = {
			isa = XCBuildConfiguration;
			baseConfigurationReference = 8E741184F7A67AB82575D731 /* Pods-CSVReaderTests.debug.xcconfig */;
			buildSettings = {
				ALWAYS_EMBED_SWIFT_STANDARD_LIBRARIES = YES;
				BUNDLE_LOADER = "$(TEST_HOST)";
				CODE_SIGN_STYLE = Automatic;
				DEVELOPMENT_TEAM = UST6SU92LY;
				INFOPLIST_FILE = CSVReaderTests/Info.plist;
				IPHONEOS_DEPLOYMENT_TARGET = 13.0;
				LD_RUNPATH_SEARCH_PATHS = (
					"$(inherited)",
					"@executable_path/Frameworks",
					"@loader_path/Frameworks",
				);
				PRODUCT_BUNDLE_IDENTIFIER = com.femkeo.CSVReaderTests;
				PRODUCT_NAME = "$(TARGET_NAME)";
				SWIFT_VERSION = 5.0;
				TARGETED_DEVICE_FAMILY = "1,2";
				TEST_HOST = "$(BUILT_PRODUCTS_DIR)/CSVReader.app/CSVReader";
			};
			name = Debug;
		};
		2005AB15234DD77500679AF2 /* Release */ = {
			isa = XCBuildConfiguration;
			baseConfigurationReference = F4D8136800F8DA151D54E4A5 /* Pods-CSVReaderTests.release.xcconfig */;
			buildSettings = {
				ALWAYS_EMBED_SWIFT_STANDARD_LIBRARIES = YES;
				BUNDLE_LOADER = "$(TEST_HOST)";
				CODE_SIGN_STYLE = Automatic;
				DEVELOPMENT_TEAM = UST6SU92LY;
				INFOPLIST_FILE = CSVReaderTests/Info.plist;
				IPHONEOS_DEPLOYMENT_TARGET = 13.0;
				LD_RUNPATH_SEARCH_PATHS = (
					"$(inherited)",
					"@executable_path/Frameworks",
					"@loader_path/Frameworks",
				);
				PRODUCT_BUNDLE_IDENTIFIER = com.femkeo.CSVReaderTests;
				PRODUCT_NAME = "$(TARGET_NAME)";
				SWIFT_VERSION = 5.0;
				TARGETED_DEVICE_FAMILY = "1,2";
				TEST_HOST = "$(BUILT_PRODUCTS_DIR)/CSVReader.app/CSVReader";
			};
			name = Release;
		};
		2005AB17234DD77500679AF2 /* Debug */ = {
			isa = XCBuildConfiguration;
			baseConfigurationReference = 64980C278F98E89B7EC5A843 /* Pods-CSVReaderUITests.debug.xcconfig */;
			buildSettings = {
				ALWAYS_EMBED_SWIFT_STANDARD_LIBRARIES = YES;
				CODE_SIGN_STYLE = Automatic;
				DEVELOPMENT_TEAM = UST6SU92LY;
				INFOPLIST_FILE = CSVReaderUITests/Info.plist;
				LD_RUNPATH_SEARCH_PATHS = (
					"$(inherited)",
					"@executable_path/Frameworks",
					"@loader_path/Frameworks",
				);
				PRODUCT_BUNDLE_IDENTIFIER = com.femkeo.CSVReaderUITests;
				PRODUCT_NAME = "$(TARGET_NAME)";
				SWIFT_VERSION = 5.0;
				TARGETED_DEVICE_FAMILY = "1,2";
				TEST_TARGET_NAME = CSVReader;
			};
			name = Debug;
		};
		2005AB18234DD77500679AF2 /* Release */ = {
			isa = XCBuildConfiguration;
			baseConfigurationReference = 322FF2126DF2692EC7C7FC62 /* Pods-CSVReaderUITests.release.xcconfig */;
			buildSettings = {
				ALWAYS_EMBED_SWIFT_STANDARD_LIBRARIES = YES;
				CODE_SIGN_STYLE = Automatic;
				DEVELOPMENT_TEAM = UST6SU92LY;
				INFOPLIST_FILE = CSVReaderUITests/Info.plist;
				LD_RUNPATH_SEARCH_PATHS = (
					"$(inherited)",
					"@executable_path/Frameworks",
					"@loader_path/Frameworks",
				);
				PRODUCT_BUNDLE_IDENTIFIER = com.femkeo.CSVReaderUITests;
				PRODUCT_NAME = "$(TARGET_NAME)";
				SWIFT_VERSION = 5.0;
				TARGETED_DEVICE_FAMILY = "1,2";
				TEST_TARGET_NAME = CSVReader;
			};
			name = Release;
		};
/* End XCBuildConfiguration section */

/* Begin XCConfigurationList section */
		2005AAE1234DD77300679AF2 /* Build configuration list for PBXProject "CSVReader" */ = {
			isa = XCConfigurationList;
			buildConfigurations = (
				2005AB0E234DD77500679AF2 /* Debug */,
				2005AB0F234DD77500679AF2 /* Release */,
			);
			defaultConfigurationIsVisible = 0;
			defaultConfigurationName = Release;
		};
		2005AB10234DD77500679AF2 /* Build configuration list for PBXNativeTarget "CSVReader" */ = {
			isa = XCConfigurationList;
			buildConfigurations = (
				2005AB11234DD77500679AF2 /* Debug */,
				2005AB12234DD77500679AF2 /* Release */,
			);
			defaultConfigurationIsVisible = 0;
			defaultConfigurationName = Release;
		};
		2005AB13234DD77500679AF2 /* Build configuration list for PBXNativeTarget "CSVReaderTests" */ = {
			isa = XCConfigurationList;
			buildConfigurations = (
				2005AB14234DD77500679AF2 /* Debug */,
				2005AB15234DD77500679AF2 /* Release */,
			);
			defaultConfigurationIsVisible = 0;
			defaultConfigurationName = Release;
		};
		2005AB16234DD77500679AF2 /* Build configuration list for PBXNativeTarget "CSVReaderUITests" */ = {
			isa = XCConfigurationList;
			buildConfigurations = (
				2005AB17234DD77500679AF2 /* Debug */,
				2005AB18234DD77500679AF2 /* Release */,
			);
			defaultConfigurationIsVisible = 0;
			defaultConfigurationName = Release;
		};
/* End XCConfigurationList section */
	};
	rootObject = 2005AADE234DD77300679AF2 /* Project object */;
}
